
Microsoft Visual Studio Solution File, Format Version 12.00
# Visual Studio Version 17
VisualStudioVersion = 17.0.31919.166
MinimumVisualStudioVersion = 10.0.40219.1
Project("{FAE04EC0-301F-11D3-BF4B-00C04F79EFBC}") = "OOPBasics", "OOPBasics\OOPBasics.csproj", "{31F8570B-E62E-4542-B4AD-4448F9919AAF}"
EndProject
Global
	GlobalSection(SolutionConfigurationPlatforms) = preSolution
		Debug|Any CPU = Debug|Any CPU
		Release|Any CPU = Release|Any CPU
	EndGlobalSection
	GlobalSection(ProjectConfigurationPlatforms) = postSolution
		{31F8570B-E62E-4542-B4AD-4448F9919AAF}.Debug|Any CPU.ActiveCfg = Debug|Any CPU
		{31F8570B-E62E-4542-B4AD-4448F9919AAF}.Debug|Any CPU.Build.0 = Debug|Any CPU
		{31F8570B-E62E-4542-B4AD-4448F9919AAF}.Release|Any CPU.ActiveCfg = Release|Any CPU
		{31F8570B-E62E-4542-B4AD-4448F9919AAF}.Release|Any CPU.Build.0 = Release|Any CPU
	EndGlobalSection
	GlobalSection(SolutionProperties) = preSolution
		HideSolutionNode = FALSE
	EndGlobalSection
	GlobalSection(ExtensibilityGlobals) = postSolution
		SolutionGuid = {AF20CD71-7B30-4258-8046-E5F06FF29C0D}
	EndGlobalSection
EndGlobal
